# Generated by pub
# See http://pub.dartlang.org/doc/glossary.html#lockfile
packages:
  browser:
    description:
      name: browser
      url: "https://pub.dartlang.org"
    source: hosted
    version: "0.10.0+2"
  petitparser:
    description:
      name: petitparser
      url: "https://pub.dartlang.org"
    source: hosted
    version: "1.5.4"
  stagexl:
    description:
      name: stagexl
      url: "https://pub.dartlang.org"
    source: hosted
    version: "1.0.0"
  xml:
    description:
      name: xml
      url: "https://pub.dartlang.org"
    source: hosted
    version: "2.4.4"
sdks:
  dart: ">=1.20.0 <2.0.0"
